
Microsoft Visual Studio Solution File, Format Version 11.00
# Visual Studio 2010
Project("{FAE04EC0-301F-11D3-BF4B-00C04F79EFBC}") = "AGSUnpackerSharp", "AGSUnpackerSharp\AGSUnpackerSharp.csproj", "{7A73DACB-1AC5-4501-B400-1BA32B514D09}"
EndProject
Project("{FAE04EC0-301F-11D3-BF4B-00C04F79EFBC}") = "AGSUnpackerGUI", "AGSUnpackerGUI\AGSUnpackerGUI.csproj", "{CEDE6123-B975-44C4-A909-1B3D3C662E0B}"
EndProject
Project("{2150E333-8FDC-42A3-9474-1A3956D46DE8}") = "Solution Items", "Solution Items", "{B65B1751-C3BD-46C4-930E-F3EB1A6918BF}"
	ProjectSection(SolutionItems) = preProject
		fixes.txt = fixes.txt
	EndProjectSection
EndProject
Global
	GlobalSection(SolutionConfigurationPlatforms) = preSolution
		Debug|Any CPU = Debug|Any CPU
		Debug|Mixed Platforms = Debug|Mixed Platforms
		Debug|x64 = Debug|x64
		Debug|x86 = Debug|x86
		Release|Any CPU = Release|Any CPU
		Release|Mixed Platforms = Release|Mixed Platforms
		Release|x64 = Release|x64
		Release|x86 = Release|x86
	EndGlobalSection
	GlobalSection(ProjectConfigurationPlatforms) = postSolution
		{7A73DACB-1AC5-4501-B400-1BA32B514D09}.Debug|Any CPU.ActiveCfg = Debug|x64
		{7A73DACB-1AC5-4501-B400-1BA32B514D09}.Debug|Mixed Platforms.ActiveCfg = Debug|x64
		{7A73DACB-1AC5-4501-B400-1BA32B514D09}.Debug|Mixed Platforms.Build.0 = Debug|x64
		{7A73DACB-1AC5-4501-B400-1BA32B514D09}.Debug|x64.ActiveCfg = Debug|x64
		{7A73DACB-1AC5-4501-B400-1BA32B514D09}.Debug|x64.Build.0 = Debug|x64
		{7A73DACB-1AC5-4501-B400-1BA32B514D09}.Debug|x86.ActiveCfg = Debug|x86
		{7A73DACB-1AC5-4501-B400-1BA32B514D09}.Debug|x86.Build.0 = Debug|x86
		{7A73DACB-1AC5-4501-B400-1BA32B514D09}.Release|Any CPU.ActiveCfg = Release|x64
		{7A73DACB-1AC5-4501-B400-1BA32B514D09}.Release|Mixed Platforms.ActiveCfg = Release|x64
		{7A73DACB-1AC5-4501-B400-1BA32B514D09}.Release|Mixed Platforms.Build.0 = Release|x64
		{7A73DACB-1AC5-4501-B400-1BA32B514D09}.Release|x64.ActiveCfg = Release|x64
		{7A73DACB-1AC5-4501-B400-1BA32B514D09}.Release|x64.Build.0 = Release|x64
		{7A73DACB-1AC5-4501-B400-1BA32B514D09}.Release|x86.ActiveCfg = Release|x86
		{7A73DACB-1AC5-4501-B400-1BA32B514D09}.Release|x86.Build.0 = Release|x86
		{CEDE6123-B975-44C4-A909-1B3D3C662E0B}.Debug|Any CPU.ActiveCfg = Debug|x64
		{CEDE6123-B975-44C4-A909-1B3D3C662E0B}.Debug|Mixed Platforms.ActiveCfg = Debug|x64
		{CEDE6123-B975-44C4-A909-1B3D3C662E0B}.Debug|Mixed Platforms.Build.0 = Debug|x64
		{CEDE6123-B975-44C4-A909-1B3D3C662E0B}.Debug|x64.ActiveCfg = Debug|x64
		{CEDE6123-B975-44C4-A909-1B3D3C662E0B}.Debug|x64.Build.0 = Debug|x64
		{CEDE6123-B975-44C4-A909-1B3D3C662E0B}.Debug|x86.ActiveCfg = Debug|x86
		{CEDE6123-B975-44C4-A909-1B3D3C662E0B}.Debug|x86.Build.0 = Debug|x86
		{CEDE6123-B975-44C4-A909-1B3D3C662E0B}.Release|Any CPU.ActiveCfg = Release|x64
		{CEDE6123-B975-44C4-A909-1B3D3C662E0B}.Release|Mixed Platforms.ActiveCfg = Release|x64
		{CEDE6123-B975-44C4-A909-1B3D3C662E0B}.Release|Mixed Platforms.Build.0 = Release|x64
		{CEDE6123-B975-44C4-A909-1B3D3C662E0B}.Release|x64.ActiveCfg = Release|x64
		{CEDE6123-B975-44C4-A909-1B3D3C662E0B}.Release|x64.Build.0 = Release|x64
		{CEDE6123-B975-44C4-A909-1B3D3C662E0B}.Release|x86.ActiveCfg = Release|x86
		{CEDE6123-B975-44C4-A909-1B3D3C662E0B}.Release|x86.Build.0 = Release|x86
		{C88CA6B4-2DF3-4B52-A3F5-89D812430637}.Debug|Any CPU.ActiveCfg = Debug|Any CPU
		{C88CA6B4-2DF3-4B52-A3F5-89D812430637}.Debug|Any CPU.Build.0 = Debug|Any CPU
		{C88CA6B4-2DF3-4B52-A3F5-89D812430637}.Debug|Mixed Platforms.ActiveCfg = Debug|Any CPU
		{C88CA6B4-2DF3-4B52-A3F5-89D812430637}.Debug|Mixed Platforms.Build.0 = Debug|Any CPU
		{C88CA6B4-2DF3-4B52-A3F5-89D812430637}.Debug|x64.ActiveCfg = Debug|x64
		{C88CA6B4-2DF3-4B52-A3F5-89D812430637}.Debug|x64.Build.0 = Debug|x64
		{C88CA6B4-2DF3-4B52-A3F5-89D812430637}.Debug|x86.ActiveCfg = Debug|Any CPU
		{C88CA6B4-2DF3-4B52-A3F5-89D812430637}.Release|Any CPU.ActiveCfg = Release|Any CPU
		{C88CA6B4-2DF3-4B52-A3F5-89D812430637}.Release|Any CPU.Build.0 = Release|Any CPU
		{C88CA6B4-2DF3-4B52-A3F5-89D812430637}.Release|Mixed Platforms.ActiveCfg = Release|Any CPU
		{C88CA6B4-2DF3-4B52-A3F5-89D812430637}.Release|Mixed Platforms.Build.0 = Release|Any CPU
		{C88CA6B4-2DF3-4B52-A3F5-89D812430637}.Release|x64.ActiveCfg = Release|Any CPU
		{C88CA6B4-2DF3-4B52-A3F5-89D812430637}.Release|x86.ActiveCfg = Release|Any CPU
	EndGlobalSection
	GlobalSection(SolutionProperties) = preSolution
		HideSolutionNode = FALSE
	EndGlobalSection
EndGlobal
