
Microsoft Visual Studio Solution File, Format Version 12.00
# Visual Studio Version 16
VisualStudioVersion = 16.0.31702.278
MinimumVisualStudioVersion = 10.0.40219.1
Project("{9A19103F-16F7-4668-BE54-9A1E7A4F7556}") = "AGSUnpacker.Lib", "AGSUnpacker.Lib\AGSUnpacker.Lib.csproj", "{EF222ED2-DC7F-482A-B718-DCD844C6AB8E}"
EndProject
Project("{FAE04EC0-301F-11D3-BF4B-00C04F79EFBC}") = "AGSUnpacker.CLI", "AGSUnpacker.CLI\AGSUnpacker.CLI.csproj", "{24999E12-131E-4DA0-82B4-D4FBD4A57DB5}"
	ProjectSection(ProjectDependencies) = postProject
		{EF222ED2-DC7F-482A-B718-DCD844C6AB8E} = {EF222ED2-DC7F-482A-B718-DCD844C6AB8E}
	EndProjectSection
EndProject
Global
	GlobalSection(SolutionConfigurationPlatforms) = preSolution
		Debug|Any CPU = Debug|Any CPU
		Release|Any CPU = Release|Any CPU
	EndGlobalSection
	GlobalSection(ProjectConfigurationPlatforms) = postSolution
		{EF222ED2-DC7F-482A-B718-DCD844C6AB8E}.Debug|Any CPU.ActiveCfg = Debug|Any CPU
		{EF222ED2-DC7F-482A-B718-DCD844C6AB8E}.Debug|Any CPU.Build.0 = Debug|Any CPU
		{EF222ED2-DC7F-482A-B718-DCD844C6AB8E}.Release|Any CPU.ActiveCfg = Release|Any CPU
		{EF222ED2-DC7F-482A-B718-DCD844C6AB8E}.Release|Any CPU.Build.0 = Release|Any CPU
		{24999E12-131E-4DA0-82B4-D4FBD4A57DB5}.Debug|Any CPU.ActiveCfg = Debug|Any CPU
		{24999E12-131E-4DA0-82B4-D4FBD4A57DB5}.Debug|Any CPU.Build.0 = Debug|Any CPU
		{24999E12-131E-4DA0-82B4-D4FBD4A57DB5}.Release|Any CPU.ActiveCfg = Release|Any CPU
		{24999E12-131E-4DA0-82B4-D4FBD4A57DB5}.Release|Any CPU.Build.0 = Release|Any CPU
	EndGlobalSection
	GlobalSection(SolutionProperties) = preSolution
		HideSolutionNode = FALSE
	EndGlobalSection
	GlobalSection(ExtensibilityGlobals) = postSolution
		SolutionGuid = {EF873C8E-5F78-4DAF-9728-41A303E49C49}
	EndGlobalSection
EndGlobal
