
Microsoft Visual Studio Solution File, Format Version 12.00
# Visual Studio Version 16
VisualStudioVersion = 16.0.31702.278
MinimumVisualStudioVersion = 10.0.40219.1
Project("{9A19103F-16F7-4668-BE54-9A1E7A4F7556}") = "AGSUnpacker.Lib", "AGSUnpacker.Lib\AGSUnpacker.Lib.csproj", "{EF222ED2-DC7F-482A-B718-DCD844C6AB8E}"
EndProject
Project("{9A19103F-16F7-4668-BE54-9A1E7A4F7556}") = "AGSUnpacker.CLI", "AGSUnpacker.CLI\AGSUnpacker.CLI.csproj", "{24999E12-131E-4DA0-82B4-D4FBD4A57DB5}"
	ProjectSection(ProjectDependencies) = postProject
		{EF222ED2-DC7F-482A-B718-DCD844C6AB8E} = {EF222ED2-DC7F-482A-B718-DCD844C6AB8E}
	EndProjectSection
EndProject
Project("{D954291E-2A0B-460D-934E-DC6B0785DB48}") = "AGSUnpacker.Graphics", "AGSUnpacker.Graphics\AGSUnpacker.Graphics.shproj", "{144B897C-C3C8-4F0C-B982-0B039AA3A030}"
EndProject
Project("{9A19103F-16F7-4668-BE54-9A1E7A4F7556}") = "AGSUnpacker.Graphics.GDI", "AGSUnpacker.Graphics.GDI\AGSUnpacker.Graphics.GDI.csproj", "{D25E197F-F6E1-48B8-8734-D41E51D5C3F7}"
EndProject
Project("{9A19103F-16F7-4668-BE54-9A1E7A4F7556}") = "AGSUnpacker.Graphics.Custom", "AGSUnpacker.Graphics.Custom\AGSUnpacker.Graphics.Custom.csproj", "{A200F908-DBBB-4EBE-A10C-7D9F1C462724}"
EndProject
Project("{2150E333-8FDC-42A3-9474-1A3956D46DE8}") = "Solution Items", "Solution Items", "{7A986D4C-96E5-47FD-B119-92FB08F7D97B}"
	ProjectSection(SolutionItems) = preProject
		.editorconfig = .editorconfig
	EndProjectSection
EndProject
Global
	GlobalSection(SharedMSBuildProjectFiles) = preSolution
		AGSUnpacker.Graphics\AGSUnpacker.Graphics.projitems*{144b897c-c3c8-4f0c-b982-0b039aa3a030}*SharedItemsImports = 13
		AGSUnpacker.Graphics\AGSUnpacker.Graphics.projitems*{a200f908-dbbb-4ebe-a10c-7d9f1c462724}*SharedItemsImports = 5
		AGSUnpacker.Graphics\AGSUnpacker.Graphics.projitems*{d25e197f-f6e1-48b8-8734-d41e51d5c3f7}*SharedItemsImports = 5
	EndGlobalSection
	GlobalSection(SolutionConfigurationPlatforms) = preSolution
		Debug|Any CPU = Debug|Any CPU
		Release|Any CPU = Release|Any CPU
	EndGlobalSection
	GlobalSection(ProjectConfigurationPlatforms) = postSolution
		{EF222ED2-DC7F-482A-B718-DCD844C6AB8E}.Debug|Any CPU.ActiveCfg = Debug|Any CPU
		{EF222ED2-DC7F-482A-B718-DCD844C6AB8E}.Debug|Any CPU.Build.0 = Debug|Any CPU
		{EF222ED2-DC7F-482A-B718-DCD844C6AB8E}.Release|Any CPU.ActiveCfg = Release|Any CPU
		{EF222ED2-DC7F-482A-B718-DCD844C6AB8E}.Release|Any CPU.Build.0 = Release|Any CPU
		{24999E12-131E-4DA0-82B4-D4FBD4A57DB5}.Debug|Any CPU.ActiveCfg = Debug|Any CPU
		{24999E12-131E-4DA0-82B4-D4FBD4A57DB5}.Debug|Any CPU.Build.0 = Debug|Any CPU
		{24999E12-131E-4DA0-82B4-D4FBD4A57DB5}.Release|Any CPU.ActiveCfg = Release|Any CPU
		{24999E12-131E-4DA0-82B4-D4FBD4A57DB5}.Release|Any CPU.Build.0 = Release|Any CPU
		{D25E197F-F6E1-48B8-8734-D41E51D5C3F7}.Debug|Any CPU.ActiveCfg = Debug|Any CPU
		{D25E197F-F6E1-48B8-8734-D41E51D5C3F7}.Debug|Any CPU.Build.0 = Debug|Any CPU
		{D25E197F-F6E1-48B8-8734-D41E51D5C3F7}.Release|Any CPU.ActiveCfg = Release|Any CPU
		{D25E197F-F6E1-48B8-8734-D41E51D5C3F7}.Release|Any CPU.Build.0 = Release|Any CPU
		{A200F908-DBBB-4EBE-A10C-7D9F1C462724}.Debug|Any CPU.ActiveCfg = Debug|Any CPU
		{A200F908-DBBB-4EBE-A10C-7D9F1C462724}.Debug|Any CPU.Build.0 = Debug|Any CPU
		{A200F908-DBBB-4EBE-A10C-7D9F1C462724}.Release|Any CPU.ActiveCfg = Release|Any CPU
		{A200F908-DBBB-4EBE-A10C-7D9F1C462724}.Release|Any CPU.Build.0 = Release|Any CPU
	EndGlobalSection
	GlobalSection(SolutionProperties) = preSolution
		HideSolutionNode = FALSE
	EndGlobalSection
	GlobalSection(ExtensibilityGlobals) = postSolution
		SolutionGuid = {EF873C8E-5F78-4DAF-9728-41A303E49C49}
	EndGlobalSection
EndGlobal
